%{"certifi": {:hex, :certifi, "0.7.0", "861a57f3808f7eb0c2d1802afeaae0fa5de813b0df0979153cbafcd853ababaf", [:rebar3], []},
  "couchbeam": {:hex, :couchbeam, "1.4.2", "21b5718a8277668c480f3d08017fa9f0fe02d8294ef5e9d924c7d44edf0e585e", [:rebar3], []},
  "couchdb_connector": {:hex, :couchdb_connector, "0.4.3", "e650a1b1b8088c11aa1370ea6dcdcf2b977916d116a184654767ac54a7b915c4", [:mix], [{:httpoison, "~> 0.8 or ~> 0.9 or ~> 0.10", [hex: :httpoison, optional: false]}, {:poison, "~> 1.5 or ~> 2.0 or ~> 3.0", [hex: :poison, optional: false]}]},
  "couchex": {:hex, :couchex, "0.7.0", "9eb8067c546a6f9aa19b1a891f3fb2b682c908790501b7e987fa20bad94ede0e", [:mix], [{:couchbeam, "~> 1.4", [hex: :couchbeam, optional: false]}, {:earmark, ">= 0.0.0", [hex: :earmark, optional: false]}]},
  "earmark": {:hex, :earmark, "1.0.3", "89bdbaf2aca8bbb5c97d8b3b55c5dd0cff517ecc78d417e87f1d0982e514557b", [:mix], []},
  "exjsx": {:hex, :exjsx, "3.2.0", "7136cc739ace295fc74c378f33699e5145bead4fdc1b4799822d0287489136fb", [:mix], [{:jsx, "~> 2.6.2", [hex: :jsx, optional: false]}]},
  "hackney": {:hex, :hackney, "1.6.5", "8c025ee397ac94a184b0743c73b33b96465e85f90a02e210e86df6cbafaa5065", [:rebar3], [{:certifi, "0.7.0", [hex: :certifi, optional: false]}, {:idna, "1.2.0", [hex: :idna, optional: false]}, {:metrics, "1.0.1", [hex: :metrics, optional: false]}, {:mimerl, "1.0.2", [hex: :mimerl, optional: false]}, {:ssl_verify_fun, "1.1.1", [hex: :ssl_verify_fun, optional: false]}]},
  "httpoison": {:hex, :httpoison, "0.8.3", "b675a3fdc839a0b8d7a285c6b3747d6d596ae70b6ccb762233a990d7289ccae4", [:mix], [{:hackney, "~> 1.6.0", [hex: :hackney, optional: false]}]},
  "httpotion": {:hex, :httpotion, "3.0.0", "4ce0af28f4254bdd0457d0fe065a83787751e0a5b5f5d27030948253be38df5c", [:mix], [{:ibrowse, "~> 4.2", [hex: :ibrowse, optional: false]}]},
  "ibrowse": {:hex, :ibrowse, "4.2.2", "b32b5bafcc77b7277eff030ed32e1acc3f610c64e9f6aea19822abcadf681b4b", [:rebar3], []},
  "idna": {:hex, :idna, "1.2.0", "ac62ee99da068f43c50dc69acf700e03a62a348360126260e87f2b54eced86b2", [:rebar3], []},
  "jsx": {:hex, :jsx, "2.6.2", "213721e058da0587a4bce3cc8a00ff6684ced229c8f9223245c6ff2c88fbaa5a", [:mix, :rebar], []},
  "metrics": {:hex, :metrics, "1.0.1", "25f094dea2cda98213cecc3aeff09e940299d950904393b2a29d191c346a8486", [:rebar3], []},
  "mimerl": {:hex, :mimerl, "1.0.2", "993f9b0e084083405ed8252b99460c4f0563e41729ab42d9074fd5e52439be88", [:rebar3], []},
  "poison": {:hex, :poison, "2.2.0", "4763b69a8a77bd77d26f477d196428b741261a761257ff1cf92753a0d4d24a63", [:mix], []},
  "slack": {:hex, :slack, "0.7.0", "f25c7b9153eafa9bc2d7175982871848388858501a9e2e696e5477b8a6b930f2", [:mix], [{:exjsx, "~> 3.2.0", [hex: :exjsx, optional: false]}, {:httpoison, "~> 0.8.0", [hex: :httpoison, optional: false]}]},
  "ssl_verify_fun": {:hex, :ssl_verify_fun, "1.1.1", "28a4d65b7f59893bc2c7de786dec1e1555bd742d336043fe644ae956c3497fbe", [:rebar, :make], []},
  "websocket_client": {:git, "https://github.com/jeremyong/websocket_client", "f6892c8b55004008ce2d52be7d98b156f3e34569", []}}
